{
  "name": "PixivDeck",
  "version": "0.13.11",
  "lockfileVersion": 1,
  "dependencies": {
    "electron-builder-http": {
      "version": "19.7.2",
      "resolved": "https://registry.npmjs.org/electron-builder-http/-/electron-builder-http-19.7.2.tgz",
      "integrity": "sha512-zapTJKvK4eACcTgBVlyeFaJ63cXujpWjOLKKRHL8uYOHLp5CYHYgXlM6kN8L7zjz5uVjA51hy9NsSyIQZ8S3Mw=="
    },
    "electron-config": {
      "version": "1.0.0",
      "resolved": "https://registry.npmjs.org/electron-config/-/electron-config-1.0.0.tgz",
      "integrity": "sha1-Bp0ETMeU8EeErnLxKRZyXTyMOa8=",
      "dependencies": {
        "conf": {
          "version": "1.1.2",
          "resolved": "https://registry.npmjs.org/conf/-/conf-1.1.2.tgz",
          "integrity": "sha512-0ZvmcIhd7IGdB2Kx4Uz9/dRibqLb2c9q2uaMQJmq54m1qSZfULL0RzU+APThtAxiXM/iNbZ346EeX7BtukJZOg=="
        },
        "dot-prop": {
          "version": "4.1.1",
          "resolved": "https://registry.npmjs.org/dot-prop/-/dot-prop-4.1.1.tgz",
          "integrity": "sha1-qEk/C3te7sglJbXHWH+n3nyoWcE="
        },
        "env-paths": {
          "version": "1.0.0",
          "resolved": "https://registry.npmjs.org/env-paths/-/env-paths-1.0.0.tgz",
          "integrity": "sha1-QWgTO0K7BcOKNbGuQ5fIKYqzaeA="
        },
        "find-up": {
          "version": "2.1.0",
          "resolved": "https://registry.npmjs.org/find-up/-/find-up-2.1.0.tgz",
          "integrity": "sha1-RdG35QbHF93UgndaK3eSCjwMV6c="
        },
        "pkg-up": {
          "version": "2.0.0",
          "resolved": "https://registry.npmjs.org/pkg-up/-/pkg-up-2.0.0.tgz",
          "integrity": "sha1-yBmscoBZpGHKscOImivjxJoATX8="
        }
      }
    },
    "electron-context-menu": {
      "version": "0.9.1",
      "resolved": "https://registry.npmjs.org/electron-context-menu/-/electron-context-menu-0.9.1.tgz",
      "integrity": "sha1-7U3yDAgEkcPJlqv8s2MVmUajgFg="
    },
    "electron-dl": {
      "version": "1.9.0",
      "resolved": "https://registry.npmjs.org/electron-dl/-/electron-dl-1.9.0.tgz",
      "integrity": "sha1-HzBuMLblkLKWzihP+rFPGlREl8c="
    },
    "electron-is-dev": {
      "version": "0.1.2",
      "resolved": "https://registry.npmjs.org/electron-is-dev/-/electron-is-dev-0.1.2.tgz",
      "integrity": "sha1-ihBD4ys6HaHD9VPc4oznZCRhZ+M="
    },
    "electron-log": {
      "version": "2.2.6",
      "resolved": "https://registry.npmjs.org/electron-log/-/electron-log-2.2.6.tgz",
      "integrity": "sha1-zPo+CbOfMhRoyQpkJwE4CjQHnxo="
    },
    "electron-referer": {
      "version": "0.3.0",
      "resolved": "https://registry.npmjs.org/electron-referer/-/electron-referer-0.3.0.tgz",
      "integrity": "sha1-I0V7+2RB24ZVwKk7QxEXjPAc3Ns="
    },
    "electron-updater": {
      "version": "2.4.3",
      "resolved": "https://registry.npmjs.org/electron-updater/-/electron-updater-2.4.3.tgz",
      "integrity": "sha512-9A4Sd/UDuRqmoDbKZjgJcUsODDznng4pQxkIAa12WrTvA0o2I4PMUyf97Y1sjMe3G6eSYKwke0Iw1wddScVhvw=="
    },
    "modify-filename": {
      "version": "1.1.0",
      "resolved": "https://registry.npmjs.org/modify-filename/-/modify-filename-1.1.0.tgz",
      "integrity": "sha1-mi3sg4Bvuy2XXyK+7IWcoms5OqE="
    },
    "pupa": {
      "version": "1.0.0",
      "resolved": "https://registry.npmjs.org/pupa/-/pupa-1.0.0.tgz",
      "integrity": "sha1-mpVopa9+ZXuEYqbp1TKHQ1YM7/Y="
    },
    "unused-filename": {
      "version": "0.1.0",
      "resolved": "https://registry.npmjs.org/unused-filename/-/unused-filename-0.1.0.tgz",
      "integrity": "sha1-5fM7yeSmP4f2TTwR0xl53vXS5/s=",
      "dependencies": {
        "path-exists": {
          "version": "3.0.0",
          "resolved": "https://registry.npmjs.org/path-exists/-/path-exists-3.0.0.tgz",
          "integrity": "sha1-zg6+ql94yxiSXqfYENe1mwEP1RU="
        }
      }
    }
  }
}
