# THIS IS AN AUTOGENERATED FILE. DO NOT EDIT THIS FILE DIRECTLY.
# yarn lockfile v1


conf@^0.11.1:
  version "0.11.2"
  resolved "https://registry.yarnpkg.com/conf/-/conf-0.11.2.tgz#879f479267600483e502583462ca4063fc9779b2"
  dependencies:
    dot-prop "^3.0.0"
    env-paths "^0.3.0"
    mkdirp "^0.5.1"
    pkg-up "^1.0.0"

conf@^0.12.0:
  version "0.12.0"
  resolved conf-0.12.0.tgz#8498c599e2487fec703505d181c113875b8c310c
  dependencies:
    dot-prop "^4.1.0"
    env-paths "^1.0.0"
    mkdirp "^0.5.1"
    pkg-up "^1.0.0"

dot-prop@^3.0.0:
  version "3.0.0"
  resolved "https://registry.yarnpkg.com/dot-prop/-/dot-prop-3.0.0.tgz#1b708af094a49c9a0e7dbcad790aba539dac1177"
  dependencies:
    is-obj "^1.0.0"

dot-prop@^4.1.0:
  version "4.1.1"
  resolved "https://registry.yarnpkg.com/dot-prop/-/dot-prop-4.1.1.tgz#a8493f0b7b5eeec82525b5c7587fa7de7ca859c1"
  dependencies:
    is-obj "^1.0.0"

electron-config@^0.2.1:
  version "0.2.1"
  resolved "https://registry.yarnpkg.com/electron-config/-/electron-config-0.2.1.tgz#7e12c26412d06bf3ed3896d0479df162986b95ba"
  dependencies:
    conf "^0.11.1"

electron-context-menu@^0.9.0:
  version "0.9.0"
  resolved electron-context-menu-0.9.0.tgz#8a66bef502f0524255a1350a2b4704dbaacfd503
  dependencies:
    electron-dl "^1.2.0"
    electron-is-dev "^0.1.1"

electron-dl@^1.2.0, electron-dl@^1.9.0:
  version "1.9.0"
  resolved electron-dl-1.9.0.tgz#1f306e30b6e590b296ce284ffab14f1a544497c7
  dependencies:
    pupa "^1.0.0"
    unused-filename "^0.1.0"

electron-is-dev@^0.1.1:
  version "0.1.2"
  resolved "https://registry.yarnpkg.com/electron-is-dev/-/electron-is-dev-0.1.2.tgz#8a1043e32b3a1da1c3f553dce28ce764246167e3"

electron-referer@^0.3.0:
  version "0.3.0"
  resolved "https://registry.yarnpkg.com/electron-referer/-/electron-referer-0.3.0.tgz#23457bfb6441db8655c0a93b4311178cf01cdcdb"

env-paths@^0.3.0:
  version "0.3.1"
  resolved "https://registry.yarnpkg.com/env-paths/-/env-paths-0.3.1.tgz#c30ccfcbc30c890943dc08a85582517ef00da463"

env-paths@^1.0.0:
  version "1.0.0"
  resolved env-paths-1.0.0.tgz#4168133b42bb05c38a35b1ae4397c8298ab369e0

find-up@^1.0.0:
  version "1.1.2"
  resolved "https://registry.yarnpkg.com/find-up/-/find-up-1.1.2.tgz#6b2e9822b1a2ce0a60ab64d610eccad53cb24d0f"
  dependencies:
    path-exists "^2.0.0"
    pinkie-promise "^2.0.0"

is-obj@^1.0.0:
  version "1.0.1"
  resolved "https://registry.yarnpkg.com/is-obj/-/is-obj-1.0.1.tgz#3e4729ac1f5fde025cd7d83a896dab9f4f67db0f"

minimist@0.0.8:
  version "0.0.8"
  resolved "https://registry.yarnpkg.com/minimist/-/minimist-0.0.8.tgz#857fcabfc3397d2625b8228262e86aa7a011b05d"

mkdirp@^0.5.1:
  version "0.5.1"
  resolved "https://registry.yarnpkg.com/mkdirp/-/mkdirp-0.5.1.tgz#30057438eac6cf7f8c4767f38648d6697d75c903"
  dependencies:
    minimist "0.0.8"

modify-filename@^1.1.0:
  version "1.1.0"
  resolved "https://registry.yarnpkg.com/modify-filename/-/modify-filename-1.1.0.tgz#9a2dec83806fbb2d975f22beec859ca26b393aa1"

path-exists@^2.0.0:
  version "2.1.0"
  resolved "https://registry.yarnpkg.com/path-exists/-/path-exists-2.1.0.tgz#0feb6c64f0fc518d9a754dd5efb62c7022761f4b"
  dependencies:
    pinkie-promise "^2.0.0"

path-exists@^3.0.0:
  version "3.0.0"
  resolved "https://registry.yarnpkg.com/path-exists/-/path-exists-3.0.0.tgz#ce0ebeaa5f78cb18925ea7d810d7b59b010fd515"

pinkie-promise@^2.0.0:
  version "2.0.1"
  resolved "https://registry.yarnpkg.com/pinkie-promise/-/pinkie-promise-2.0.1.tgz#2135d6dfa7a358c069ac9b178776288228450ffa"
  dependencies:
    pinkie "^2.0.0"

pinkie@^2.0.0:
  version "2.0.4"
  resolved "https://registry.yarnpkg.com/pinkie/-/pinkie-2.0.4.tgz#72556b80cfa0d48a974e80e77248e80ed4f7f870"

pkg-up@^1.0.0:
  version "1.0.0"
  resolved "https://registry.yarnpkg.com/pkg-up/-/pkg-up-1.0.0.tgz#3e08fb461525c4421624a33b9f7e6d0af5b05a26"
  dependencies:
    find-up "^1.0.0"

pupa@^1.0.0:
  version "1.0.0"
  resolved "https://registry.yarnpkg.com/pupa/-/pupa-1.0.0.tgz#9a9568a5af7e657b8462a6e9d5328743560ceff6"

unused-filename@^0.1.0:
  version "0.1.0"
  resolved "https://registry.yarnpkg.com/unused-filename/-/unused-filename-0.1.0.tgz#e5f33bc9e4a63f87f64d3c11d31979def5d2e7fb"
  dependencies:
    modify-filename "^1.1.0"
    path-exists "^3.0.0"
