# THIS IS AN AUTOGENERATED FILE. DO NOT EDIT THIS FILE DIRECTLY.
# yarn lockfile v1


argparse@^1.0.7:
  version "1.0.9"
  resolved "https://registry.yarnpkg.com/argparse/-/argparse-1.0.9.tgz#73d83bc263f86e97f8cc4f6bae1b0e90a7d22c86"
  dependencies:
    sprintf-js "~1.0.2"

bluebird-lst@^1.0.2, bluebird-lst@^1.0.3:
  version "1.0.3"
  resolved "https://registry.yarnpkg.com/bluebird-lst/-/bluebird-lst-1.0.3.tgz#cc56c18660eff0a0b86e2c33d1659618f7005158"
  dependencies:
    bluebird "^3.5.0"

bluebird@^3.5.0:
  version "3.5.0"
  resolved "https://registry.yarnpkg.com/bluebird/-/bluebird-3.5.0.tgz#791420d7f551eea2897453a8a77653f96606d67c"

conf@^1.0.0:
  version "1.1.2"
  resolved "https://registry.yarnpkg.com/conf/-/conf-1.1.2.tgz#a164003022dd1643cd5abd9653071bd3b0a19f50"
  dependencies:
    dot-prop "^4.1.0"
    env-paths "^1.0.0"
    make-dir "^1.0.0"
    pkg-up "^2.0.0"

debug@^3.0.0:
  version "3.0.0"
  resolved "https://registry.yarnpkg.com/debug/-/debug-3.0.0.tgz#1d2feae53349047b08b264ec41906ba17a8516e4"
  dependencies:
    ms "2.0.0"

dot-prop@^4.1.0:
  version "4.2.0"
  resolved "https://registry.yarnpkg.com/dot-prop/-/dot-prop-4.2.0.tgz#1f19e0c2e1aa0e32797c49799f2837ac6af69c57"
  dependencies:
    is-obj "^1.0.0"

electron-builder-http@~19.21.0:
  version "19.21.0"
  resolved "https://registry.yarnpkg.com/electron-builder-http/-/electron-builder-http-19.21.0.tgz#3e812f030fddb5eaebcc26303f7bca1a34e1da76"
  dependencies:
    bluebird-lst "^1.0.3"
    debug "^3.0.0"
    fs-extra-p "^4.4.0"

electron-config@^1.0.0:
  version "1.0.0"
  resolved "https://registry.yarnpkg.com/electron-config/-/electron-config-1.0.0.tgz#069d044cc794f04784ae72f12916725d3c8c39af"
  dependencies:
    conf "^1.0.0"

electron-context-menu@^0.9.1:
  version "0.9.1"
  resolved "https://registry.yarnpkg.com/electron-context-menu/-/electron-context-menu-0.9.1.tgz#ed4df20c080491c3c996abfcb363159946a38058"
  dependencies:
    electron-dl "^1.2.0"
    electron-is-dev "^0.1.1"

electron-dl@^1.2.0, electron-dl@^1.9.0:
  version "1.10.0"
  resolved "https://registry.yarnpkg.com/electron-dl/-/electron-dl-1.10.0.tgz#f94416064056fc6f2a86ae498614c93526890af9"
  dependencies:
    ext-name "^5.0.0"
    pupa "^1.0.0"
    unused-filename "^1.0.0"

electron-is-dev@^0.1.1:
  version "0.1.2"
  resolved "https://registry.yarnpkg.com/electron-is-dev/-/electron-is-dev-0.1.2.tgz#8a1043e32b3a1da1c3f553dce28ce764246167e3"

electron-is-dev@^0.3.0:
  version "0.3.0"
  resolved "https://registry.yarnpkg.com/electron-is-dev/-/electron-is-dev-0.3.0.tgz#14e6fda5c68e9e4ecbeff9ccf037cbd7c05c5afe"

electron-log@^2.2.6:
  version "2.2.7"
  resolved "https://registry.yarnpkg.com/electron-log/-/electron-log-2.2.7.tgz#8da0d2586b53b175392ae6b91dc510a67c195341"

electron-referer@^0.3.0:
  version "0.3.0"
  resolved "https://registry.yarnpkg.com/electron-referer/-/electron-referer-0.3.0.tgz#23457bfb6441db8655c0a93b4311178cf01cdcdb"

electron-updater@^2.4.4:
  version "2.8.7"
  resolved "https://registry.yarnpkg.com/electron-updater/-/electron-updater-2.8.7.tgz#139c34382bea26701c6ef82db457268b08f071a1"
  dependencies:
    bluebird-lst "^1.0.3"
    debug "^3.0.0"
    electron-builder-http "~19.21.0"
    electron-is-dev "^0.3.0"
    fs-extra-p "^4.4.0"
    js-yaml "^3.9.1"
    lazy-val "^1.0.2"
    lodash.isequal "^4.5.0"
    semver "^5.4.1"
    source-map-support "^0.4.15"
    uuid-1345 "^0.99.6"
    xelement "^1.0.16"

env-paths@^1.0.0:
  version "1.0.0"
  resolved "https://registry.yarnpkg.com/env-paths/-/env-paths-1.0.0.tgz#4168133b42bb05c38a35b1ae4397c8298ab369e0"

esprima@^4.0.0:
  version "4.0.0"
  resolved "https://registry.yarnpkg.com/esprima/-/esprima-4.0.0.tgz#4499eddcd1110e0b218bacf2fa7f7f59f55ca804"

ext-list@^2.0.0:
  version "2.2.2"
  resolved "https://registry.yarnpkg.com/ext-list/-/ext-list-2.2.2.tgz#0b98e64ed82f5acf0f2931babf69212ef52ddd37"
  dependencies:
    mime-db "^1.28.0"

ext-name@^5.0.0:
  version "5.0.0"
  resolved "https://registry.yarnpkg.com/ext-name/-/ext-name-5.0.0.tgz#70781981d183ee15d13993c8822045c506c8f0a6"
  dependencies:
    ext-list "^2.0.0"
    sort-keys-length "^1.0.0"

find-up@^2.1.0:
  version "2.1.0"
  resolved "https://registry.yarnpkg.com/find-up/-/find-up-2.1.0.tgz#45d1b7e506c717ddd482775a2b77920a3c0c57a7"
  dependencies:
    locate-path "^2.0.0"

fs-extra-p@^4.4.0:
  version "4.4.0"
  resolved "https://registry.yarnpkg.com/fs-extra-p/-/fs-extra-p-4.4.0.tgz#729c601c4f4c701328921adc7cfe9b236f100660"
  dependencies:
    bluebird-lst "^1.0.2"
    fs-extra "^4.0.0"

fs-extra@^4.0.0:
  version "4.0.1"
  resolved "https://registry.yarnpkg.com/fs-extra/-/fs-extra-4.0.1.tgz#7fc0c6c8957f983f57f306a24e5b9ddd8d0dd880"
  dependencies:
    graceful-fs "^4.1.2"
    jsonfile "^3.0.0"
    universalify "^0.1.0"

graceful-fs@^4.1.2, graceful-fs@^4.1.6:
  version "4.1.11"
  resolved "https://registry.yarnpkg.com/graceful-fs/-/graceful-fs-4.1.11.tgz#0e8bdfe4d1ddb8854d64e04ea7c00e2a026e5658"

is-obj@^1.0.0:
  version "1.0.1"
  resolved "https://registry.yarnpkg.com/is-obj/-/is-obj-1.0.1.tgz#3e4729ac1f5fde025cd7d83a896dab9f4f67db0f"

is-plain-obj@^1.0.0:
  version "1.1.0"
  resolved "https://registry.yarnpkg.com/is-plain-obj/-/is-plain-obj-1.1.0.tgz#71a50c8429dfca773c92a390a4a03b39fcd51d3e"

js-yaml@^3.9.1:
  version "3.9.1"
  resolved "https://registry.yarnpkg.com/js-yaml/-/js-yaml-3.9.1.tgz#08775cebdfdd359209f0d2acd383c8f86a6904a0"
  dependencies:
    argparse "^1.0.7"
    esprima "^4.0.0"

jsonfile@^3.0.0:
  version "3.0.1"
  resolved "https://registry.yarnpkg.com/jsonfile/-/jsonfile-3.0.1.tgz#a5ecc6f65f53f662c4415c7675a0331d0992ec66"
  optionalDependencies:
    graceful-fs "^4.1.6"

lazy-val@^1.0.2:
  version "1.0.2"
  resolved "https://registry.yarnpkg.com/lazy-val/-/lazy-val-1.0.2.tgz#d9b07fb1fce54cbc99b3c611de431b83249369b6"

locate-path@^2.0.0:
  version "2.0.0"
  resolved "https://registry.yarnpkg.com/locate-path/-/locate-path-2.0.0.tgz#2b568b265eec944c6d9c0de9c3dbbbca0354cd8e"
  dependencies:
    p-locate "^2.0.0"
    path-exists "^3.0.0"

lodash.isequal@^4.5.0:
  version "4.5.0"
  resolved "https://registry.yarnpkg.com/lodash.isequal/-/lodash.isequal-4.5.0.tgz#415c4478f2bcc30120c22ce10ed3226f7d3e18e0"

macaddress@^0.2.7:
  version "0.2.8"
  resolved "https://registry.yarnpkg.com/macaddress/-/macaddress-0.2.8.tgz#5904dc537c39ec6dbefeae902327135fa8511f12"

make-dir@^1.0.0:
  version "1.0.0"
  resolved "https://registry.yarnpkg.com/make-dir/-/make-dir-1.0.0.tgz#97a011751e91dd87cfadef58832ebb04936de978"
  dependencies:
    pify "^2.3.0"

mime-db@^1.28.0:
  version "1.29.0"
  resolved "https://registry.yarnpkg.com/mime-db/-/mime-db-1.29.0.tgz#48d26d235589651704ac5916ca06001914266878"

modify-filename@^1.1.0:
  version "1.1.0"
  resolved "https://registry.yarnpkg.com/modify-filename/-/modify-filename-1.1.0.tgz#9a2dec83806fbb2d975f22beec859ca26b393aa1"

ms@2.0.0:
  version "2.0.0"
  resolved "https://registry.yarnpkg.com/ms/-/ms-2.0.0.tgz#5608aeadfc00be6c2901df5f9861788de0d597c8"

p-limit@^1.1.0:
  version "1.1.0"
  resolved "https://registry.yarnpkg.com/p-limit/-/p-limit-1.1.0.tgz#b07ff2d9a5d88bec806035895a2bab66a27988bc"

p-locate@^2.0.0:
  version "2.0.0"
  resolved "https://registry.yarnpkg.com/p-locate/-/p-locate-2.0.0.tgz#20a0103b222a70c8fd39cc2e580680f3dde5ec43"
  dependencies:
    p-limit "^1.1.0"

path-exists@^3.0.0:
  version "3.0.0"
  resolved "https://registry.yarnpkg.com/path-exists/-/path-exists-3.0.0.tgz#ce0ebeaa5f78cb18925ea7d810d7b59b010fd515"

pify@^2.3.0:
  version "2.3.0"
  resolved "https://registry.yarnpkg.com/pify/-/pify-2.3.0.tgz#ed141a6ac043a849ea588498e7dca8b15330e90c"

pkg-up@^2.0.0:
  version "2.0.0"
  resolved "https://registry.yarnpkg.com/pkg-up/-/pkg-up-2.0.0.tgz#c819ac728059a461cab1c3889a2be3c49a004d7f"
  dependencies:
    find-up "^2.1.0"

pupa@^1.0.0:
  version "1.0.0"
  resolved "https://registry.yarnpkg.com/pupa/-/pupa-1.0.0.tgz#9a9568a5af7e657b8462a6e9d5328743560ceff6"

sax@^1.2.1:
  version "1.2.4"
  resolved "https://registry.yarnpkg.com/sax/-/sax-1.2.4.tgz#2816234e2378bddc4e5354fab5caa895df7100d9"

semver@^5.4.1:
  version "5.4.1"
  resolved "https://registry.yarnpkg.com/semver/-/semver-5.4.1.tgz#e059c09d8571f0540823733433505d3a2f00b18e"

sort-keys-length@^1.0.0:
  version "1.0.1"
  resolved "https://registry.yarnpkg.com/sort-keys-length/-/sort-keys-length-1.0.1.tgz#9cb6f4f4e9e48155a6aa0671edd336ff1479a188"
  dependencies:
    sort-keys "^1.0.0"

sort-keys@^1.0.0:
  version "1.1.2"
  resolved "https://registry.yarnpkg.com/sort-keys/-/sort-keys-1.1.2.tgz#441b6d4d346798f1b4e49e8920adfba0e543f9ad"
  dependencies:
    is-plain-obj "^1.0.0"

source-map-support@^0.4.15:
  version "0.4.16"
  resolved "https://registry.yarnpkg.com/source-map-support/-/source-map-support-0.4.16.tgz#16fecf98212467d017d586a2af68d628b9421cd8"
  dependencies:
    source-map "^0.5.6"

source-map@^0.5.6:
  version "0.5.6"
  resolved "https://registry.yarnpkg.com/source-map/-/source-map-0.5.6.tgz#75ce38f52bf0733c5a7f0c118d81334a2bb5f412"

sprintf-js@~1.0.2:
  version "1.0.3"
  resolved "https://registry.yarnpkg.com/sprintf-js/-/sprintf-js-1.0.3.tgz#04e6926f662895354f3dd015203633b857297e2c"

universalify@^0.1.0:
  version "0.1.1"
  resolved "https://registry.yarnpkg.com/universalify/-/universalify-0.1.1.tgz#fa71badd4437af4c148841e3b3b165f9e9e590b7"

unused-filename@^1.0.0:
  version "1.0.0"
  resolved "https://registry.yarnpkg.com/unused-filename/-/unused-filename-1.0.0.tgz#d340880f71ae2115ebaa1325bef05cc6684469c6"
  dependencies:
    modify-filename "^1.1.0"
    path-exists "^3.0.0"

uuid-1345@^0.99.6:
  version "0.99.6"
  resolved "https://registry.yarnpkg.com/uuid-1345/-/uuid-1345-0.99.6.tgz#b1270ae015a7721c7adec6c46ec169c6098aed40"
  dependencies:
    macaddress "^0.2.7"

xelement@^1.0.16:
  version "1.0.16"
  resolved "https://registry.yarnpkg.com/xelement/-/xelement-1.0.16.tgz#900bb46c20fc2dffadff778a9d2dc36699d0ff7e"
  dependencies:
    sax "^1.2.1"
